// !$*UTF8*$!
{
	archiveVersion = 1;
	classes = {
	};
	objectVersion = 77;
	objects = {

/* Begin PBXBuildFile section */
		EFC445007EC91FBC5A25E03D /* Pods_ConsolesRetro.framework in Frameworks */ = {isa = PBXBuildFile; fileRef = 68B0AE1DF95EA6EFBAE02761 /* Pods_ConsolesRetro.framework */; };
/* End PBXBuildFile section */

/* Begin PBXContainerItemProxy section */
		92CB6BF82D0870EA00F06FC6 /* PBXContainerItemProxy */ = {
			isa = PBXContainerItemProxy;
			containerPortal = 92CB6BD92D0870E800F06FC6 /* Project object */;
			proxyType = 1;
			remoteGlobalIDString = 92CB6BE02D0870E800F06FC6;
			remoteInfo = ConsolesRetro;
		};
/* End PBXContainerItemProxy section */

/* Begin PBXFileReference section */
		15BB36C6E26AECD55B9D09B7 /* Pods-ConsolesRetro.release.xcconfig */ = {isa = PBXFileReference; includeInIndex = 1; lastKnownFileType = text.xcconfig; name = "Pods-ConsolesRetro.release.xcconfig"; path = "Target Support Files/Pods-ConsolesRetro/Pods-ConsolesRetro.release.xcconfig"; sourceTree = "<group>"; };
		68B0AE1DF95EA6EFBAE02761 /* Pods_ConsolesRetro.framework */ = {isa = PBXFileReference; explicitFileType = wrapper.framework; includeInIndex = 0; path = Pods_ConsolesRetro.framework; sourceTree = BUILT_PRODUCTS_DIR; };
		92CB6BE12D0870E800F06FC6 /* ConsolesRetro.app */ = {isa = PBXFileReference; explicitFileType = wrapper.application; includeInIndex = 0; path = ConsolesRetro.app; sourceTree = BUILT_PRODUCTS_DIR; };
		92CB6BF72D0870EA00F06FC6 /* ConsolesRetroTests.xctest */ = {isa = PBXFileReference; explicitFileType = wrapper.cfbundle; includeInIndex = 0; path = ConsolesRetroTests.xctest; sourceTree = BUILT_PRODUCTS_DIR; };
		E0A350B795A406510B7EDD48 /* Pods-ConsolesRetro.debug.xcconfig */ = {isa = PBXFileReference; includeInIndex = 1; lastKnownFileType = text.xcconfig; name = "Pods-ConsolesRetro.debug.xcconfig"; path = "Target Support Files/Pods-ConsolesRetro/Pods-ConsolesRetro.debug.xcconfig"; sourceTree = "<group>"; };
/* End PBXFileReference section */

/* Begin PBXFileSystemSynchronizedBuildFileExceptionSet section */
		92CB6C092D0870EA00F06FC6 /* Exceptions for "ConsolesRetro" folder in "ConsolesRetro" target */ = {
			isa = PBXFileSystemSynchronizedBuildFileExceptionSet;
			membershipExceptions = (
				Resources/Info.plist,
			);
			target = 92CB6BE02D0870E800F06FC6 /* ConsolesRetro */;
		};
/* End PBXFileSystemSynchronizedBuildFileExceptionSet section */

/* Begin PBXFileSystemSynchronizedRootGroup section */
		92CB6BE32D0870E800F06FC6 /* ConsolesRetro */ = {
			isa = PBXFileSystemSynchronizedRootGroup;
			exceptions = (
				92CB6C092D0870EA00F06FC6 /* Exceptions for "ConsolesRetro" folder in "ConsolesRetro" target */,
			);
			path = ConsolesRetro;
			sourceTree = "<group>";
		};
		92CB6BFA2D0870EA00F06FC6 /* ConsolesRetroTests */ = {
			isa = PBXFileSystemSynchronizedRootGroup;
			path = ConsolesRetroTests;
			sourceTree = "<group>";
		};
/* End PBXFileSystemSynchronizedRootGroup section */

/* Begin PBXFrameworksBuildPhase section */
		92CB6BDE2D0870E800F06FC6 /* Frameworks */ = {
			isa = PBXFrameworksBuildPhase;
			buildActionMask = 2147483647;
			files = (
				EFC445007EC91FBC5A25E03D /* Pods_ConsolesRetro.framework in Frameworks */,
			);
			runOnlyForDeploymentPostprocessing = 0;
		};
		92CB6BF42D0870EA00F06FC6 /* Frameworks */ = {
			isa = PBXFrameworksBuildPhase;
			buildActionMask = 2147483647;
			files = (
			);
			runOnlyForDeploymentPostprocessing = 0;
		};
/* End PBXFrameworksBuildPhase section */

/* Begin PBXGroup section */
		593ACB2E87F00CE8F213CC0B /* Frameworks */ = {
			isa = PBXGroup;
			children = (
				68B0AE1DF95EA6EFBAE02761 /* Pods_ConsolesRetro.framework */,
			);
			name = Frameworks;
			sourceTree = "<group>";
		};
		92CB6BD82D0870E800F06FC6 = {
			isa = PBXGroup;
			children = (
				92CB6BE32D0870E800F06FC6 /* ConsolesRetro */,
				92CB6BFA2D0870EA00F06FC6 /* ConsolesRetroTests */,
				92CB6BE22D0870E800F06FC6 /* Products */,
				D713E02AD4BE5F5E1D14F749 /* Pods */,
				593ACB2E87F00CE8F213CC0B /* Frameworks */,
			);
			sourceTree = "<group>";
		};
		92CB6BE22D0870E800F06FC6 /* Products */ = {
			isa = PBXGroup;
			children = (
				92CB6BE12D0870E800F06FC6 /* ConsolesRetro.app */,
				92CB6BF72D0870EA00F06FC6 /* ConsolesRetroTests.xctest */,
			);
			name = Products;
			sourceTree = "<group>";
		};
		D713E02AD4BE5F5E1D14F749 /* Pods */ = {
			isa = PBXGroup;
			children = (
				E0A350B795A406510B7EDD48 /* Pods-ConsolesRetro.debug.xcconfig */,
				15BB36C6E26AECD55B9D09B7 /* Pods-ConsolesRetro.release.xcconfig */,
			);
			path = Pods;
			sourceTree = "<group>";
		};
/* End PBXGroup section */

/* Begin PBXNativeTarget section */
		92CB6BE02D0870E800F06FC6 /* ConsolesRetro */ = {
			isa = PBXNativeTarget;
			buildConfigurationList = 92CB6C0A2D0870EA00F06FC6 /* Build configuration list for PBXNativeTarget "ConsolesRetro" */;
			buildPhases = (
				A67AF0158295F7266BF8E9BD /* [CP] Check Pods Manifest.lock */,
				92CB6BDD2D0870E800F06FC6 /* Sources */,
				92CB6BDE2D0870E800F06FC6 /* Frameworks */,
				92CB6BDF2D0870E800F06FC6 /* Resources */,
				AD068F0D0A3A79B216B9AB96 /* [CP] Embed Pods Frameworks */,
			);
			buildRules = (
			);
			dependencies = (
			);
			fileSystemSynchronizedGroups = (
				92CB6BE32D0870E800F06FC6 /* ConsolesRetro */,
			);
			name = ConsolesRetro;
			productName = ConsolesRetro;
			productReference = 92CB6BE12D0870E800F06FC6 /* ConsolesRetro.app */;
			productType = "com.apple.product-type.application";
		};
		92CB6BF62D0870EA00F06FC6 /* ConsolesRetroTests */ = {
			isa = PBXNativeTarget;
			buildConfigurationList = 92CB6C0F2D0870EA00F06FC6 /* Build configuration list for PBXNativeTarget "ConsolesRetroTests" */;
			buildPhases = (
				92CB6BF32D0870EA00F06FC6 /* Sources */,
				92CB6BF42D0870EA00F06FC6 /* Frameworks */,
				92CB6BF52D0870EA00F06FC6 /* Resources */,
			);
			buildRules = (
			);
			dependencies = (
				92CB6BF92D0870EA00F06FC6 /* PBXTargetDependency */,
			);
			fileSystemSynchronizedGroups = (
				92CB6BFA2D0870EA00F06FC6 /* ConsolesRetroTests */,
			);
			name = ConsolesRetroTests;
			productName = ConsolesRetroTests;
			productReference = 92CB6BF72D0870EA00F06FC6 /* ConsolesRetroTests.xctest */;
			productType = "com.apple.product-type.bundle.unit-test";
		};
/* End PBXNativeTarget section */

/* Begin PBXProject section */
		92CB6BD92D0870E800F06FC6 /* Project object */ = {
			isa = PBXProject;
			attributes = {
				BuildIndependentTargetsInParallel = 1;
				LastSwiftUpdateCheck = 1610;
				LastUpgradeCheck = 1610;
				TargetAttributes = {
					92CB6BE02D0870E800F06FC6 = {
						CreatedOnToolsVersion = 16.1;
					};
					92CB6BF62D0870EA00F06FC6 = {
						CreatedOnToolsVersion = 16.1;
						TestTargetID = 92CB6BE02D0870E800F06FC6;
					};
				};
			};
			buildConfigurationList = 92CB6BDC2D0870E800F06FC6 /* Build configuration list for PBXProject "ConsolesRetro" */;
			developmentRegion = en;
			hasScannedForEncodings = 0;
			knownRegions = (
				en,
				Base,
			);
			mainGroup = 92CB6BD82D0870E800F06FC6;
			minimizedProjectReferenceProxies = 1;
			preferredProjectObjectVersion = 77;
			productRefGroup = 92CB6BE22D0870E800F06FC6 /* Products */;
			projectDirPath = "";
			projectRoot = "";
			targets = (
				92CB6BE02D0870E800F06FC6 /* ConsolesRetro */,
				92CB6BF62D0870EA00F06FC6 /* ConsolesRetroTests */,
			);
		};
/* End PBXProject section */

/* Begin PBXResourcesBuildPhase section */
		92CB6BDF2D0870E800F06FC6 /* Resources */ = {
			isa = PBXResourcesBuildPhase;
			buildActionMask = 2147483647;
			files = (
			);
			runOnlyForDeploymentPostprocessing = 0;
		};
		92CB6BF52D0870EA00F06FC6 /* Resources */ = {
			isa = PBXResourcesBuildPhase;
			buildActionMask = 2147483647;
			files = (
			);
			runOnlyForDeploymentPostprocessing = 0;
		};
/* End PBXResourcesBuildPhase section */

/* Begin PBXShellScriptBuildPhase section */
		A67AF0158295F7266BF8E9BD /* [CP] Check Pods Manifest.lock */ = {
			isa = PBXShellScriptBuildPhase;
			buildActionMask = 2147483647;
			files = (
			);
			inputFileListPaths = (
			);
			inputPaths = (
				"${PODS_PODFILE_DIR_PATH}/Podfile.lock",
				"${PODS_ROOT}/Manifest.lock",
			);
			name = "[CP] Check Pods Manifest.lock";
			outputFileListPaths = (
			);
			outputPaths = (
				"$(DERIVED_FILE_DIR)/Pods-ConsolesRetro-checkManifestLockResult.txt",
			);
			runOnlyForDeploymentPostprocessing = 0;
			shellPath = /bin/sh;
			shellScript = "diff \"${PODS_PODFILE_DIR_PATH}/Podfile.lock\" \"${PODS_ROOT}/Manifest.lock\" > /dev/null\nif [ $? != 0 ] ; then\n    # print error to STDERR\n    echo \"error: The sandbox is not in sync with the Podfile.lock. Run 'pod install' or update your CocoaPods installation.\" >&2\n    exit 1\nfi\n# This output is used by Xcode 'outputs' to avoid re-running this script phase.\necho \"SUCCESS\" > \"${SCRIPT_OUTPUT_FILE_0}\"\n";
			showEnvVarsInLog = 0;
		};
		AD068F0D0A3A79B216B9AB96 /* [CP] Embed Pods Frameworks */ = {
			isa = PBXShellScriptBuildPhase;
			buildActionMask = 2147483647;
			files = (
			);
			inputFileListPaths = (
				"${PODS_ROOT}/Target Support Files/Pods-ConsolesRetro/Pods-ConsolesRetro-frameworks-${CONFIGURATION}-input-files.xcfilelist",
			);
			name = "[CP] Embed Pods Frameworks";
			outputFileListPaths = (
				"${PODS_ROOT}/Target Support Files/Pods-ConsolesRetro/Pods-ConsolesRetro-frameworks-${CONFIGURATION}-output-files.xcfilelist",
			);
			runOnlyForDeploymentPostprocessing = 0;
			shellPath = /bin/sh;
			shellScript = "\"${PODS_ROOT}/Target Support Files/Pods-ConsolesRetro/Pods-ConsolesRetro-frameworks.sh\"\n";
			showEnvVarsInLog = 0;
		};
/* End PBXShellScriptBuildPhase section */

/* Begin PBXSourcesBuildPhase section */
		92CB6BDD2D0870E800F06FC6 /* Sources */ = {
			isa = PBXSourcesBuildPhase;
			buildActionMask = 2147483647;
			files = (
			);
			runOnlyForDeploymentPostprocessing = 0;
		};
		92CB6BF32D0870EA00F06FC6 /* Sources */ = {
			isa = PBXSourcesBuildPhase;
			buildActionMask = 2147483647;
			files = (
			);
			runOnlyForDeploymentPostprocessing = 0;
		};
/* End PBXSourcesBuildPhase section */

/* Begin PBXTargetDependency section */
		92CB6BF92D0870EA00F06FC6 /* PBXTargetDependency */ = {
			isa = PBXTargetDependency;
			target = 92CB6BE02D0870E800F06FC6 /* ConsolesRetro */;
			targetProxy = 92CB6BF82D0870EA00F06FC6 /* PBXContainerItemProxy */;
		};
/* End PBXTargetDependency section */

/* Begin XCBuildConfiguration section */
		92CB6C0B2D0870EA00F06FC6 /* Debug */ = {
			isa = XCBuildConfiguration;
			baseConfigurationReference = E0A350B795A406510B7EDD48 /* Pods-ConsolesRetro.debug.xcconfig */;
			buildSettings = {
				ASSETCATALOG_COMPILER_APPICON_NAME = AppIcon;
				ASSETCATALOG_COMPILER_GLOBAL_ACCENT_COLOR_NAME = AccentColor;
				CODE_SIGN_STYLE = Automatic;
				CURRENT_PROJECT_VERSION = 1;
				DEVELOPMENT_TEAM = 57HYQW6DAG;
				GENERATE_INFOPLIST_FILE = YES;
				INFOPLIST_FILE = ConsolesRetro/Resources/Info.plist;
				INFOPLIST_KEY_UIApplicationSupportsIndirectInputEvents = YES;
				INFOPLIST_KEY_UILaunchStoryboardName = LaunchScreen;
				INFOPLIST_KEY_UISupportedInterfaceOrientations = UIInterfaceOrientationPortrait;
				INFOPLIST_KEY_UISupportedInterfaceOrientations_iPad = "UIInterfaceOrientationLandscapeLeft UIInterfaceOrientationLandscapeRight UIInterfaceOrientationPortrait UIInterfaceOrientationPortraitUpsideDown";
				LD_RUNPATH_SEARCH_PATHS = (
					"$(inherited)",
					"@executable_path/Frameworks",
				);
				MARKETING_VERSION = 1.0;
				PRODUCT_BUNDLE_IDENTIFIER = com.diggosilva.ConsolesRetro;
				PRODUCT_NAME = "$(TARGET_NAME)";
				SUPPORTED_PLATFORMS = "iphoneos iphonesimulator";
				SUPPORTS_MACCATALYST = NO;
				SUPPORTS_MAC_DESIGNED_FOR_IPHONE_IPAD = NO;
				SUPPORTS_XR_DESIGNED_FOR_IPHONE_IPAD = NO;
				SWIFT_EMIT_LOC_STRINGS = YES;
				SWIFT_VERSION = 5.0;
				TARGETED_DEVICE_FAMILY = 1;
			};
			name = Debug;
		};
		92CB6C0C2D0870EA00F06FC6 /* Release */ = {
			isa = XCBuildConfiguration;
			baseConfigurationReference = 15BB36C6E26AECD55B9D09B7 /* Pods-ConsolesRetro.release.xcconfig */;
			buildSettings = {
				ASSETCATALOG_COMPILER_APPICON_NAME = AppIcon;
				ASSETCATALOG_COMPILER_GLOBAL_ACCENT_COLOR_NAME = AccentColor;
				CODE_SIGN_STYLE = Automatic;
				CURRENT_PROJECT_VERSION = 1;
				DEVELOPMENT_TEAM = 57HYQW6DAG;
				GENERATE_INFOPLIST_FILE = YES;
				INFOPLIST_FILE = ConsolesRetro/Resources/Info.plist;
				INFOPLIST_KEY_UIApplicationSupportsIndirectInputEvents = YES;
				INFOPLIST_KEY_UILaunchStoryboardName = LaunchScreen;
				INFOPLIST_KEY_UISupportedInterfaceOrientations = UIInterfaceOrientationPortrait;
				INFOPLIST_KEY_UISupportedInterfaceOrientations_iPad = "UIInterfaceOrientationLandscapeLeft UIInterfaceOrientationLandscapeRight UIInterfaceOrientationPortrait UIInterfaceOrientationPortraitUpsideDown";
				LD_RUNPATH_SEARCH_PATHS = (
					"$(inherited)",
					"@executable_path/Frameworks",
				);
				MARKETING_VERSION = 1.0;
				PRODUCT_BUNDLE_IDENTIFIER = com.diggosilva.ConsolesRetro;
				PRODUCT_NAME = "$(TARGET_NAME)";
				SUPPORTED_PLATFORMS = "iphoneos iphonesimulator";
				SUPPORTS_MACCATALYST = NO;
				SUPPORTS_MAC_DESIGNED_FOR_IPHONE_IPAD = NO;
				SUPPORTS_XR_DESIGNED_FOR_IPHONE_IPAD = NO;
				SWIFT_EMIT_LOC_STRINGS = YES;
				SWIFT_VERSION = 5.0;
				TARGETED_DEVICE_FAMILY = 1;
			};
			name = Release;
		};
		92CB6C0D2D0870EA00F06FC6 /* Debug */ = {
			isa = XCBuildConfiguration;
			buildSettings = {
				ALWAYS_SEARCH_USER_PATHS = NO;
				ASSETCATALOG_COMPILER_GENERATE_SWIFT_ASSET_SYMBOL_EXTENSIONS = YES;
				CLANG_ANALYZER_NONNULL = YES;
				CLANG_ANALYZER_NUMBER_OBJECT_CONVERSION = YES_AGGRESSIVE;
				CLANG_CXX_LANGUAGE_STANDARD = "gnu++20";
				CLANG_ENABLE_MODULES = YES;
				CLANG_ENABLE_OBJC_ARC = YES;
				CLANG_ENABLE_OBJC_WEAK = YES;
				CLANG_WARN_BLOCK_CAPTURE_AUTORELEASING = YES;
				CLANG_WARN_BOOL_CONVERSION = YES;
				CLANG_WARN_COMMA = YES;
				CLANG_WARN_CONSTANT_CONVERSION = YES;
				CLANG_WARN_DEPRECATED_OBJC_IMPLEMENTATIONS = YES;
				CLANG_WARN_DIRECT_OBJC_ISA_USAGE = YES_ERROR;
				CLANG_WARN_DOCUMENTATION_COMMENTS = YES;
				CLANG_WARN_EMPTY_BODY = YES;
				CLANG_WARN_ENUM_CONVERSION = YES;
				CLANG_WARN_INFINITE_RECURSION = YES;
				CLANG_WARN_INT_CONVERSION = YES;
				CLANG_WARN_NON_LITERAL_NULL_CONVERSION = YES;
				CLANG_WARN_OBJC_IMPLICIT_RETAIN_SELF = YES;
				CLANG_WARN_OBJC_LITERAL_CONVERSION = YES;
				CLANG_WARN_OBJC_ROOT_CLASS = YES_ERROR;
				CLANG_WARN_QUOTED_INCLUDE_IN_FRAMEWORK_HEADER = YES;
				CLANG_WARN_RANGE_LOOP_ANALYSIS = YES;
				CLANG_WARN_STRICT_PROTOTYPES = YES;
				CLANG_WARN_SUSPICIOUS_MOVE = YES;
				CLANG_WARN_UNGUARDED_AVAILABILITY = YES_AGGRESSIVE;
				CLANG_WARN_UNREACHABLE_CODE = YES;
				CLANG_WARN__DUPLICATE_METHOD_MATCH = YES;
				COPY_PHASE_STRIP = NO;
				DEBUG_INFORMATION_FORMAT = dwarf;
				ENABLE_STRICT_OBJC_MSGSEND = YES;
				ENABLE_TESTABILITY = YES;
				ENABLE_USER_SCRIPT_SANDBOXING = NO;
				GCC_C_LANGUAGE_STANDARD = gnu17;
				GCC_DYNAMIC_NO_PIC = NO;
				GCC_NO_COMMON_BLOCKS = YES;
				GCC_OPTIMIZATION_LEVEL = 0;
				GCC_PREPROCESSOR_DEFINITIONS = (
					"DEBUG=1",
					"$(inherited)",
				);
				GCC_WARN_64_TO_32_BIT_CONVERSION = YES;
				GCC_WARN_ABOUT_RETURN_TYPE = YES_ERROR;
				GCC_WARN_UNDECLARED_SELECTOR = YES;
				GCC_WARN_UNINITIALIZED_AUTOS = YES_AGGRESSIVE;
				GCC_WARN_UNUSED_FUNCTION = YES;
				GCC_WARN_UNUSED_VARIABLE = YES;
				IPHONEOS_DEPLOYMENT_TARGET = 18.1;
				LOCALIZATION_PREFERS_STRING_CATALOGS = YES;
				MTL_ENABLE_DEBUG_INFO = INCLUDE_SOURCE;
				MTL_FAST_MATH = YES;
				ONLY_ACTIVE_ARCH = YES;
				SDKROOT = iphoneos;
				SWIFT_ACTIVE_COMPILATION_CONDITIONS = "DEBUG $(inherited)";
				SWIFT_OPTIMIZATION_LEVEL = "-Onone";
			};
			name = Debug;
		};
		92CB6C0E2D0870EA00F06FC6 /* Release */ = {
			isa = XCBuildConfiguration;
			buildSettings = {
				ALWAYS_SEARCH_USER_PATHS = NO;
				ASSETCATALOG_COMPILER_GENERATE_SWIFT_ASSET_SYMBOL_EXTENSIONS = YES;
				CLANG_ANALYZER_NONNULL = YES;
				CLANG_ANALYZER_NUMBER_OBJECT_CONVERSION = YES_AGGRESSIVE;
				CLANG_CXX_LANGUAGE_STANDARD = "gnu++20";
				CLANG_ENABLE_MODULES = YES;
				CLANG_ENABLE_OBJC_ARC = YES;
				CLANG_ENABLE_OBJC_WEAK = YES;
				CLANG_WARN_BLOCK_CAPTURE_AUTORELEASING = YES;
				CLANG_WARN_BOOL_CONVERSION = YES;
				CLANG_WARN_COMMA = YES;
				CLANG_WARN_CONSTANT_CONVERSION = YES;
				CLANG_WARN_DEPRECATED_OBJC_IMPLEMENTATIONS = YES;
				CLANG_WARN_DIRECT_OBJC_ISA_USAGE = YES_ERROR;
				CLANG_WARN_DOCUMENTATION_COMMENTS = YES;
				CLANG_WARN_EMPTY_BODY = YES;
				CLANG_WARN_ENUM_CONVERSION = YES;
				CLANG_WARN_INFINITE_RECURSION = YES;
				CLANG_WARN_INT_CONVERSION = YES;
				CLANG_WARN_NON_LITERAL_NULL_CONVERSION = YES;
				CLANG_WARN_OBJC_IMPLICIT_RETAIN_SELF = YES;
				CLANG_WARN_OBJC_LITERAL_CONVERSION = YES;
				CLANG_WARN_OBJC_ROOT_CLASS = YES_ERROR;
				CLANG_WARN_QUOTED_INCLUDE_IN_FRAMEWORK_HEADER = YES;
				CLANG_WARN_RANGE_LOOP_ANALYSIS = YES;
				CLANG_WARN_STRICT_PROTOTYPES = YES;
				CLANG_WARN_SUSPICIOUS_MOVE = YES;
				CLANG_WARN_UNGUARDED_AVAILABILITY = YES_AGGRESSIVE;
				CLANG_WARN_UNREACHABLE_CODE = YES;
				CLANG_WARN__DUPLICATE_METHOD_MATCH = YES;
				COPY_PHASE_STRIP = NO;
				DEBUG_INFORMATION_FORMAT = "dwarf-with-dsym";
				ENABLE_NS_ASSERTIONS = NO;
				ENABLE_STRICT_OBJC_MSGSEND = YES;
				ENABLE_USER_SCRIPT_SANDBOXING = NO;
				GCC_C_LANGUAGE_STANDARD = gnu17;
				GCC_NO_COMMON_BLOCKS = YES;
				GCC_WARN_64_TO_32_BIT_CONVERSION = YES;
				GCC_WARN_ABOUT_RETURN_TYPE = YES_ERROR;
				GCC_WARN_UNDECLARED_SELECTOR = YES;
				GCC_WARN_UNINITIALIZED_AUTOS = YES_AGGRESSIVE;
				GCC_WARN_UNUSED_FUNCTION = YES;
				GCC_WARN_UNUSED_VARIABLE = YES;
				IPHONEOS_DEPLOYMENT_TARGET = 18.1;
				LOCALIZATION_PREFERS_STRING_CATALOGS = YES;
				MTL_ENABLE_DEBUG_INFO = NO;
				MTL_FAST_MATH = YES;
				SDKROOT = iphoneos;
				SWIFT_COMPILATION_MODE = wholemodule;
				VALIDATE_PRODUCT = YES;
			};
			name = Release;
		};
		92CB6C102D0870EA00F06FC6 /* Debug */ = {
			isa = XCBuildConfiguration;
			buildSettings = {
				BUNDLE_LOADER = "$(TEST_HOST)";
				CODE_SIGN_STYLE = Automatic;
				CURRENT_PROJECT_VERSION = 1;
				DEVELOPMENT_TEAM = 57HYQW6DAG;
				GENERATE_INFOPLIST_FILE = YES;
				IPHONEOS_DEPLOYMENT_TARGET = 18.1;
				MARKETING_VERSION = 1.0;
				PRODUCT_BUNDLE_IDENTIFIER = com.diggosilva.ConsolesRetroTests;
				PRODUCT_NAME = "$(TARGET_NAME)";
				SWIFT_EMIT_LOC_STRINGS = NO;
				SWIFT_VERSION = 5.0;
				TARGETED_DEVICE_FAMILY = "1,2";
				TEST_HOST = "$(BUILT_PRODUCTS_DIR)/ConsolesRetro.app/$(BUNDLE_EXECUTABLE_FOLDER_PATH)/ConsolesRetro";
			};
			name = Debug;
		};
		92CB6C112D0870EA00F06FC6 /* Release */ = {
			isa = XCBuildConfiguration;
			buildSettings = {
				BUNDLE_LOADER = "$(TEST_HOST)";
				CODE_SIGN_STYLE = Automatic;
				CURRENT_PROJECT_VERSION = 1;
				DEVELOPMENT_TEAM = 57HYQW6DAG;
				GENERATE_INFOPLIST_FILE = YES;
				IPHONEOS_DEPLOYMENT_TARGET = 18.1;
				MARKETING_VERSION = 1.0;
				PRODUCT_BUNDLE_IDENTIFIER = com.diggosilva.ConsolesRetroTests;
				PRODUCT_NAME = "$(TARGET_NAME)";
				SWIFT_EMIT_LOC_STRINGS = NO;
				SWIFT_VERSION = 5.0;
				TARGETED_DEVICE_FAMILY = "1,2";
				TEST_HOST = "$(BUILT_PRODUCTS_DIR)/ConsolesRetro.app/$(BUNDLE_EXECUTABLE_FOLDER_PATH)/ConsolesRetro";
			};
			name = Release;
		};
/* End XCBuildConfiguration section */

/* Begin XCConfigurationList section */
		92CB6BDC2D0870E800F06FC6 /* Build configuration list for PBXProject "ConsolesRetro" */ = {
			isa = XCConfigurationList;
			buildConfigurations = (
				92CB6C0D2D0870EA00F06FC6 /* Debug */,
				92CB6C0E2D0870EA00F06FC6 /* Release */,
			);
			defaultConfigurationIsVisible = 0;
			defaultConfigurationName = Release;
		};
		92CB6C0A2D0870EA00F06FC6 /* Build configuration list for PBXNativeTarget "ConsolesRetro" */ = {
			isa = XCConfigurationList;
			buildConfigurations = (
				92CB6C0B2D0870EA00F06FC6 /* Debug */,
				92CB6C0C2D0870EA00F06FC6 /* Release */,
			);
			defaultConfigurationIsVisible = 0;
			defaultConfigurationName = Release;
		};
		92CB6C0F2D0870EA00F06FC6 /* Build configuration list for PBXNativeTarget "ConsolesRetroTests" */ = {
			isa = XCConfigurationList;
			buildConfigurations = (
				92CB6C102D0870EA00F06FC6 /* Debug */,
				92CB6C112D0870EA00F06FC6 /* Release */,
			);
			defaultConfigurationIsVisible = 0;
			defaultConfigurationName = Release;
		};
/* End XCConfigurationList section */
	};
	rootObject = 92CB6BD92D0870E800F06FC6 /* Project object */;
}
