// !$*UTF8*$!
{
	archiveVersion = 1;
	classes = {
	};
	objectVersion = 56;
	objects = {

/* Begin PBXBuildFile section */
		2EB31A32D7976DF1778860F0 /* Pods_ConsolesRetro.framework in Frameworks */ = {isa = PBXBuildFile; fileRef = C15BD7D6E5E77BC624F6478C /* Pods_ConsolesRetro.framework */; };
		920F62882BFCEC8C0011B50B /* Bindable.swift in Sources */ = {isa = PBXBuildFile; fileRef = 920F62872BFCEC8C0011B50B /* Bindable.swift */; };
		920F628A2BFCECD20011B50B /* FeedViewModel.swift in Sources */ = {isa = PBXBuildFile; fileRef = 920F62892BFCECD20011B50B /* FeedViewModel.swift */; };
		920F628C2BFCF8340011B50B /* FeedView.swift in Sources */ = {isa = PBXBuildFile; fileRef = 920F628B2BFCF8340011B50B /* FeedView.swift */; };
		920F628E2BFCFF000011B50B /* Service.swift in Sources */ = {isa = PBXBuildFile; fileRef = 920F628D2BFCFF000011B50B /* Service.swift */; };
		920F62902BFD00D80011B50B /* ConsolesResponse.swift in Sources */ = {isa = PBXBuildFile; fileRef = 920F628F2BFD00D80011B50B /* ConsolesResponse.swift */; };
		920F62922BFD027F0011B50B /* FeedConsole.swift in Sources */ = {isa = PBXBuildFile; fileRef = 920F62912BFD027F0011B50B /* FeedConsole.swift */; };
		920F629C2BFD17560011B50B /* FeedCell.swift in Sources */ = {isa = PBXBuildFile; fileRef = 920F629B2BFD17560011B50B /* FeedCell.swift */; };
		920F62A32BFD54DE0011B50B /* DetailsView.swift in Sources */ = {isa = PBXBuildFile; fileRef = 920F62A22BFD54DE0011B50B /* DetailsView.swift */; };
		920F62A52BFD55940011B50B /* DetailsViewController.swift in Sources */ = {isa = PBXBuildFile; fileRef = 920F62A42BFD55940011B50B /* DetailsViewController.swift */; };
		920F62A72BFD5BD30011B50B /* DetailsViewModel.swift in Sources */ = {isa = PBXBuildFile; fileRef = 920F62A62BFD5BD30011B50B /* DetailsViewModel.swift */; };
		920F62A92BFD5F510011B50B /* DetailsGameCell.swift in Sources */ = {isa = PBXBuildFile; fileRef = 920F62A82BFD5F510011B50B /* DetailsGameCell.swift */; };
		9222CA032BFCE9C200040C15 /* AppDelegate.swift in Sources */ = {isa = PBXBuildFile; fileRef = 9222CA022BFCE9C200040C15 /* AppDelegate.swift */; };
		9222CA052BFCE9C200040C15 /* SceneDelegate.swift in Sources */ = {isa = PBXBuildFile; fileRef = 9222CA042BFCE9C200040C15 /* SceneDelegate.swift */; };
		9222CA072BFCE9C200040C15 /* FeedViewController.swift in Sources */ = {isa = PBXBuildFile; fileRef = 9222CA062BFCE9C200040C15 /* FeedViewController.swift */; };
		9222CA0C2BFCE9C300040C15 /* Assets.xcassets in Resources */ = {isa = PBXBuildFile; fileRef = 9222CA0B2BFCE9C300040C15 /* Assets.xcassets */; };
		9222CA0F2BFCE9C300040C15 /* LaunchScreen.storyboard in Resources */ = {isa = PBXBuildFile; fileRef = 9222CA0D2BFCE9C300040C15 /* LaunchScreen.storyboard */; };
		92A8776D2BFE96B3005E6ABA /* DetailsConsoleCell.swift in Sources */ = {isa = PBXBuildFile; fileRef = 92A8776C2BFE96B3005E6ABA /* DetailsConsoleCell.swift */; };
/* End PBXBuildFile section */

/* Begin PBXFileReference section */
		5C06426F3590C4703E25A500 /* Pods-ConsolesRetro.release.xcconfig */ = {isa = PBXFileReference; includeInIndex = 1; lastKnownFileType = text.xcconfig; name = "Pods-ConsolesRetro.release.xcconfig"; path = "Target Support Files/Pods-ConsolesRetro/Pods-ConsolesRetro.release.xcconfig"; sourceTree = "<group>"; };
		920F62872BFCEC8C0011B50B /* Bindable.swift */ = {isa = PBXFileReference; lastKnownFileType = sourcecode.swift; path = Bindable.swift; sourceTree = "<group>"; };
		920F62892BFCECD20011B50B /* FeedViewModel.swift */ = {isa = PBXFileReference; lastKnownFileType = sourcecode.swift; path = FeedViewModel.swift; sourceTree = "<group>"; };
		920F628B2BFCF8340011B50B /* FeedView.swift */ = {isa = PBXFileReference; lastKnownFileType = sourcecode.swift; path = FeedView.swift; sourceTree = "<group>"; };
		920F628D2BFCFF000011B50B /* Service.swift */ = {isa = PBXFileReference; lastKnownFileType = sourcecode.swift; path = Service.swift; sourceTree = "<group>"; };
		920F628F2BFD00D80011B50B /* ConsolesResponse.swift */ = {isa = PBXFileReference; lastKnownFileType = sourcecode.swift; path = ConsolesResponse.swift; sourceTree = "<group>"; };
		920F62912BFD027F0011B50B /* FeedConsole.swift */ = {isa = PBXFileReference; lastKnownFileType = sourcecode.swift; path = FeedConsole.swift; sourceTree = "<group>"; };
		920F629B2BFD17560011B50B /* FeedCell.swift */ = {isa = PBXFileReference; lastKnownFileType = sourcecode.swift; path = FeedCell.swift; sourceTree = "<group>"; };
		920F62A22BFD54DE0011B50B /* DetailsView.swift */ = {isa = PBXFileReference; lastKnownFileType = sourcecode.swift; path = DetailsView.swift; sourceTree = "<group>"; };
		920F62A42BFD55940011B50B /* DetailsViewController.swift */ = {isa = PBXFileReference; lastKnownFileType = sourcecode.swift; path = DetailsViewController.swift; sourceTree = "<group>"; };
		920F62A62BFD5BD30011B50B /* DetailsViewModel.swift */ = {isa = PBXFileReference; lastKnownFileType = sourcecode.swift; path = DetailsViewModel.swift; sourceTree = "<group>"; };
		920F62A82BFD5F510011B50B /* DetailsGameCell.swift */ = {isa = PBXFileReference; lastKnownFileType = sourcecode.swift; path = DetailsGameCell.swift; sourceTree = "<group>"; };
		9222C9FF2BFCE9C200040C15 /* ConsolesRetro.app */ = {isa = PBXFileReference; explicitFileType = wrapper.application; includeInIndex = 0; path = ConsolesRetro.app; sourceTree = BUILT_PRODUCTS_DIR; };
		9222CA022BFCE9C200040C15 /* AppDelegate.swift */ = {isa = PBXFileReference; lastKnownFileType = sourcecode.swift; path = AppDelegate.swift; sourceTree = "<group>"; };
		9222CA042BFCE9C200040C15 /* SceneDelegate.swift */ = {isa = PBXFileReference; lastKnownFileType = sourcecode.swift; path = SceneDelegate.swift; sourceTree = "<group>"; };
		9222CA062BFCE9C200040C15 /* FeedViewController.swift */ = {isa = PBXFileReference; lastKnownFileType = sourcecode.swift; path = FeedViewController.swift; sourceTree = "<group>"; };
		9222CA0B2BFCE9C300040C15 /* Assets.xcassets */ = {isa = PBXFileReference; lastKnownFileType = folder.assetcatalog; path = Assets.xcassets; sourceTree = "<group>"; };
		9222CA0E2BFCE9C300040C15 /* Base */ = {isa = PBXFileReference; lastKnownFileType = file.storyboard; name = Base; path = Base.lproj/LaunchScreen.storyboard; sourceTree = "<group>"; };
		9222CA102BFCE9C300040C15 /* Info.plist */ = {isa = PBXFileReference; lastKnownFileType = text.plist.xml; path = Info.plist; sourceTree = "<group>"; };
		92A8776C2BFE96B3005E6ABA /* DetailsConsoleCell.swift */ = {isa = PBXFileReference; lastKnownFileType = sourcecode.swift; path = DetailsConsoleCell.swift; sourceTree = "<group>"; };
		C15BD7D6E5E77BC624F6478C /* Pods_ConsolesRetro.framework */ = {isa = PBXFileReference; explicitFileType = wrapper.framework; includeInIndex = 0; path = Pods_ConsolesRetro.framework; sourceTree = BUILT_PRODUCTS_DIR; };
		DD64FC56E5B77594E551E099 /* Pods-ConsolesRetro.debug.xcconfig */ = {isa = PBXFileReference; includeInIndex = 1; lastKnownFileType = text.xcconfig; name = "Pods-ConsolesRetro.debug.xcconfig"; path = "Target Support Files/Pods-ConsolesRetro/Pods-ConsolesRetro.debug.xcconfig"; sourceTree = "<group>"; };
/* End PBXFileReference section */

/* Begin PBXFrameworksBuildPhase section */
		9222C9FC2BFCE9C200040C15 /* Frameworks */ = {
			isa = PBXFrameworksBuildPhase;
			buildActionMask = 2147483647;
			files = (
				2EB31A32D7976DF1778860F0 /* Pods_ConsolesRetro.framework in Frameworks */,
			);
			runOnlyForDeploymentPostprocessing = 0;
		};
/* End PBXFrameworksBuildPhase section */

/* Begin PBXGroup section */
		73CACE79512D9ED89BFED330 /* Frameworks */ = {
			isa = PBXGroup;
			children = (
				C15BD7D6E5E77BC624F6478C /* Pods_ConsolesRetro.framework */,
			);
			name = Frameworks;
			sourceTree = "<group>";
		};
		920F62852BFCEA5F0011B50B /* Resources */ = {
			isa = PBXGroup;
			children = (
				9222CA022BFCE9C200040C15 /* AppDelegate.swift */,
				9222CA042BFCE9C200040C15 /* SceneDelegate.swift */,
				9222CA0B2BFCE9C300040C15 /* Assets.xcassets */,
				9222CA0D2BFCE9C300040C15 /* LaunchScreen.storyboard */,
				9222CA102BFCE9C300040C15 /* Info.plist */,
			);
			path = Resources;
			sourceTree = "<group>";
		};
		920F62862BFCEA8C0011B50B /* App */ = {
			isa = PBXGroup;
			children = (
				920F62982BFD16E40011B50B /* Model */,
				920F62972BFD16D60011B50B /* Network */,
				920F62932BFD16A50011B50B /* Screens */,
				920F62992BFD16F00011B50B /* Utils */,
			);
			path = App;
			sourceTree = "<group>";
		};
		920F62932BFD16A50011B50B /* Screens */ = {
			isa = PBXGroup;
			children = (
				920F629A2BFD17180011B50B /* Feed */,
				920F629D2BFD54960011B50B /* Details */,
			);
			path = Screens;
			sourceTree = "<group>";
		};
		920F62942BFD16B30011B50B /* ViewModel */ = {
			isa = PBXGroup;
			children = (
				920F62892BFCECD20011B50B /* FeedViewModel.swift */,
			);
			path = ViewModel;
			sourceTree = "<group>";
		};
		920F62952BFD16B50011B50B /* View */ = {
			isa = PBXGroup;
			children = (
				920F628B2BFCF8340011B50B /* FeedView.swift */,
				920F629B2BFD17560011B50B /* FeedCell.swift */,
			);
			path = View;
			sourceTree = "<group>";
		};
		920F62962BFD16B60011B50B /* Controller */ = {
			isa = PBXGroup;
			children = (
				9222CA062BFCE9C200040C15 /* FeedViewController.swift */,
			);
			path = Controller;
			sourceTree = "<group>";
		};
		920F62972BFD16D60011B50B /* Network */ = {
			isa = PBXGroup;
			children = (
				920F628D2BFCFF000011B50B /* Service.swift */,
			);
			path = Network;
			sourceTree = "<group>";
		};
		920F62982BFD16E40011B50B /* Model */ = {
			isa = PBXGroup;
			children = (
				920F628F2BFD00D80011B50B /* ConsolesResponse.swift */,
				920F62912BFD027F0011B50B /* FeedConsole.swift */,
			);
			path = Model;
			sourceTree = "<group>";
		};
		920F62992BFD16F00011B50B /* Utils */ = {
			isa = PBXGroup;
			children = (
				920F62872BFCEC8C0011B50B /* Bindable.swift */,
			);
			path = Utils;
			sourceTree = "<group>";
		};
		920F629A2BFD17180011B50B /* Feed */ = {
			isa = PBXGroup;
			children = (
				920F62962BFD16B60011B50B /* Controller */,
				920F62952BFD16B50011B50B /* View */,
				920F62942BFD16B30011B50B /* ViewModel */,
			);
			path = Feed;
			sourceTree = "<group>";
		};
		920F629D2BFD54960011B50B /* Details */ = {
			isa = PBXGroup;
			children = (
				920F62A02BFD54A00011B50B /* Controller */,
				920F629F2BFD549F0011B50B /* View */,
				920F629E2BFD549E0011B50B /* ViewModel */,
			);
			path = Details;
			sourceTree = "<group>";
		};
		920F629E2BFD549E0011B50B /* ViewModel */ = {
			isa = PBXGroup;
			children = (
				920F62A62BFD5BD30011B50B /* DetailsViewModel.swift */,
			);
			path = ViewModel;
			sourceTree = "<group>";
		};
		920F629F2BFD549F0011B50B /* View */ = {
			isa = PBXGroup;
			children = (
				920F62A22BFD54DE0011B50B /* DetailsView.swift */,
				92A8776C2BFE96B3005E6ABA /* DetailsConsoleCell.swift */,
				920F62A82BFD5F510011B50B /* DetailsGameCell.swift */,
			);
			path = View;
			sourceTree = "<group>";
		};
		920F62A02BFD54A00011B50B /* Controller */ = {
			isa = PBXGroup;
			children = (
				920F62A42BFD55940011B50B /* DetailsViewController.swift */,
			);
			path = Controller;
			sourceTree = "<group>";
		};
		9222C9F62BFCE9C200040C15 = {
			isa = PBXGroup;
			children = (
				9222CA012BFCE9C200040C15 /* ConsolesRetro */,
				9222CA002BFCE9C200040C15 /* Products */,
				AE1F469F353686ED9385B7E1 /* Pods */,
				73CACE79512D9ED89BFED330 /* Frameworks */,
			);
			sourceTree = "<group>";
		};
		9222CA002BFCE9C200040C15 /* Products */ = {
			isa = PBXGroup;
			children = (
				9222C9FF2BFCE9C200040C15 /* ConsolesRetro.app */,
			);
			name = Products;
			sourceTree = "<group>";
		};
		9222CA012BFCE9C200040C15 /* ConsolesRetro */ = {
			isa = PBXGroup;
			children = (
				920F62862BFCEA8C0011B50B /* App */,
				920F62852BFCEA5F0011B50B /* Resources */,
			);
			path = ConsolesRetro;
			sourceTree = "<group>";
		};
		AE1F469F353686ED9385B7E1 /* Pods */ = {
			isa = PBXGroup;
			children = (
				DD64FC56E5B77594E551E099 /* Pods-ConsolesRetro.debug.xcconfig */,
				5C06426F3590C4703E25A500 /* Pods-ConsolesRetro.release.xcconfig */,
			);
			path = Pods;
			sourceTree = "<group>";
		};
/* End PBXGroup section */

/* Begin PBXNativeTarget section */
		9222C9FE2BFCE9C200040C15 /* ConsolesRetro */ = {
			isa = PBXNativeTarget;
			buildConfigurationList = 9222CA132BFCE9C300040C15 /* Build configuration list for PBXNativeTarget "ConsolesRetro" */;
			buildPhases = (
				E5070C478BE2F6F7D8734FDE /* [CP] Check Pods Manifest.lock */,
				9222C9FB2BFCE9C200040C15 /* Sources */,
				9222C9FC2BFCE9C200040C15 /* Frameworks */,
				9222C9FD2BFCE9C200040C15 /* Resources */,
				1FF30B64D388AD8B55D0112B /* [CP] Embed Pods Frameworks */,
			);
			buildRules = (
			);
			dependencies = (
			);
			name = ConsolesRetro;
			productName = ConsolesRetro;
			productReference = 9222C9FF2BFCE9C200040C15 /* ConsolesRetro.app */;
			productType = "com.apple.product-type.application";
		};
/* End PBXNativeTarget section */

/* Begin PBXProject section */
		9222C9F72BFCE9C200040C15 /* Project object */ = {
			isa = PBXProject;
			attributes = {
				BuildIndependentTargetsInParallel = 1;
				LastSwiftUpdateCheck = 1500;
				LastUpgradeCheck = 1500;
				TargetAttributes = {
					9222C9FE2BFCE9C200040C15 = {
						CreatedOnToolsVersion = 15.0.1;
					};
				};
			};
			buildConfigurationList = 9222C9FA2BFCE9C200040C15 /* Build configuration list for PBXProject "ConsolesRetro" */;
			compatibilityVersion = "Xcode 14.0";
			developmentRegion = en;
			hasScannedForEncodings = 0;
			knownRegions = (
				en,
				Base,
			);
			mainGroup = 9222C9F62BFCE9C200040C15;
			productRefGroup = 9222CA002BFCE9C200040C15 /* Products */;
			projectDirPath = "";
			projectRoot = "";
			targets = (
				9222C9FE2BFCE9C200040C15 /* ConsolesRetro */,
			);
		};
/* End PBXProject section */

/* Begin PBXResourcesBuildPhase section */
		9222C9FD2BFCE9C200040C15 /* Resources */ = {
			isa = PBXResourcesBuildPhase;
			buildActionMask = 2147483647;
			files = (
				9222CA0F2BFCE9C300040C15 /* LaunchScreen.storyboard in Resources */,
				9222CA0C2BFCE9C300040C15 /* Assets.xcassets in Resources */,
			);
			runOnlyForDeploymentPostprocessing = 0;
		};
/* End PBXResourcesBuildPhase section */

/* Begin PBXShellScriptBuildPhase section */
		1FF30B64D388AD8B55D0112B /* [CP] Embed Pods Frameworks */ = {
			isa = PBXShellScriptBuildPhase;
			buildActionMask = 2147483647;
			files = (
			);
			inputFileListPaths = (
				"${PODS_ROOT}/Target Support Files/Pods-ConsolesRetro/Pods-ConsolesRetro-frameworks-${CONFIGURATION}-input-files.xcfilelist",
			);
			name = "[CP] Embed Pods Frameworks";
			outputFileListPaths = (
				"${PODS_ROOT}/Target Support Files/Pods-ConsolesRetro/Pods-ConsolesRetro-frameworks-${CONFIGURATION}-output-files.xcfilelist",
			);
			runOnlyForDeploymentPostprocessing = 0;
			shellPath = /bin/sh;
			shellScript = "\"${PODS_ROOT}/Target Support Files/Pods-ConsolesRetro/Pods-ConsolesRetro-frameworks.sh\"\n";
			showEnvVarsInLog = 0;
		};
		E5070C478BE2F6F7D8734FDE /* [CP] Check Pods Manifest.lock */ = {
			isa = PBXShellScriptBuildPhase;
			buildActionMask = 2147483647;
			files = (
			);
			inputFileListPaths = (
			);
			inputPaths = (
				"${PODS_PODFILE_DIR_PATH}/Podfile.lock",
				"${PODS_ROOT}/Manifest.lock",
			);
			name = "[CP] Check Pods Manifest.lock";
			outputFileListPaths = (
			);
			outputPaths = (
				"$(DERIVED_FILE_DIR)/Pods-ConsolesRetro-checkManifestLockResult.txt",
			);
			runOnlyForDeploymentPostprocessing = 0;
			shellPath = /bin/sh;
			shellScript = "diff \"${PODS_PODFILE_DIR_PATH}/Podfile.lock\" \"${PODS_ROOT}/Manifest.lock\" > /dev/null\nif [ $? != 0 ] ; then\n    # print error to STDERR\n    echo \"error: The sandbox is not in sync with the Podfile.lock. Run 'pod install' or update your CocoaPods installation.\" >&2\n    exit 1\nfi\n# This output is used by Xcode 'outputs' to avoid re-running this script phase.\necho \"SUCCESS\" > \"${SCRIPT_OUTPUT_FILE_0}\"\n";
			showEnvVarsInLog = 0;
		};
/* End PBXShellScriptBuildPhase section */

/* Begin PBXSourcesBuildPhase section */
		9222C9FB2BFCE9C200040C15 /* Sources */ = {
			isa = PBXSourcesBuildPhase;
			buildActionMask = 2147483647;
			files = (
				920F62A92BFD5F510011B50B /* DetailsGameCell.swift in Sources */,
				920F628A2BFCECD20011B50B /* FeedViewModel.swift in Sources */,
				920F629C2BFD17560011B50B /* FeedCell.swift in Sources */,
				920F628E2BFCFF000011B50B /* Service.swift in Sources */,
				920F62902BFD00D80011B50B /* ConsolesResponse.swift in Sources */,
				920F62A72BFD5BD30011B50B /* DetailsViewModel.swift in Sources */,
				9222CA072BFCE9C200040C15 /* FeedViewController.swift in Sources */,
				9222CA032BFCE9C200040C15 /* AppDelegate.swift in Sources */,
				920F62A32BFD54DE0011B50B /* DetailsView.swift in Sources */,
				920F62882BFCEC8C0011B50B /* Bindable.swift in Sources */,
				920F628C2BFCF8340011B50B /* FeedView.swift in Sources */,
				92A8776D2BFE96B3005E6ABA /* DetailsConsoleCell.swift in Sources */,
				9222CA052BFCE9C200040C15 /* SceneDelegate.swift in Sources */,
				920F62922BFD027F0011B50B /* FeedConsole.swift in Sources */,
				920F62A52BFD55940011B50B /* DetailsViewController.swift in Sources */,
			);
			runOnlyForDeploymentPostprocessing = 0;
		};
/* End PBXSourcesBuildPhase section */

/* Begin PBXVariantGroup section */
		9222CA0D2BFCE9C300040C15 /* LaunchScreen.storyboard */ = {
			isa = PBXVariantGroup;
			children = (
				9222CA0E2BFCE9C300040C15 /* Base */,
			);
			name = LaunchScreen.storyboard;
			sourceTree = "<group>";
		};
/* End PBXVariantGroup section */

/* Begin XCBuildConfiguration section */
		9222CA112BFCE9C300040C15 /* Debug */ = {
			isa = XCBuildConfiguration;
			buildSettings = {
				ALWAYS_SEARCH_USER_PATHS = NO;
				ASSETCATALOG_COMPILER_GENERATE_SWIFT_ASSET_SYMBOL_EXTENSIONS = YES;
				CLANG_ANALYZER_NONNULL = YES;
				CLANG_ANALYZER_NUMBER_OBJECT_CONVERSION = YES_AGGRESSIVE;
				CLANG_CXX_LANGUAGE_STANDARD = "gnu++20";
				CLANG_ENABLE_MODULES = YES;
				CLANG_ENABLE_OBJC_ARC = YES;
				CLANG_ENABLE_OBJC_WEAK = YES;
				CLANG_WARN_BLOCK_CAPTURE_AUTORELEASING = YES;
				CLANG_WARN_BOOL_CONVERSION = YES;
				CLANG_WARN_COMMA = YES;
				CLANG_WARN_CONSTANT_CONVERSION = YES;
				CLANG_WARN_DEPRECATED_OBJC_IMPLEMENTATIONS = YES;
				CLANG_WARN_DIRECT_OBJC_ISA_USAGE = YES_ERROR;
				CLANG_WARN_DOCUMENTATION_COMMENTS = YES;
				CLANG_WARN_EMPTY_BODY = YES;
				CLANG_WARN_ENUM_CONVERSION = YES;
				CLANG_WARN_INFINITE_RECURSION = YES;
				CLANG_WARN_INT_CONVERSION = YES;
				CLANG_WARN_NON_LITERAL_NULL_CONVERSION = YES;
				CLANG_WARN_OBJC_IMPLICIT_RETAIN_SELF = YES;
				CLANG_WARN_OBJC_LITERAL_CONVERSION = YES;
				CLANG_WARN_OBJC_ROOT_CLASS = YES_ERROR;
				CLANG_WARN_QUOTED_INCLUDE_IN_FRAMEWORK_HEADER = YES;
				CLANG_WARN_RANGE_LOOP_ANALYSIS = YES;
				CLANG_WARN_STRICT_PROTOTYPES = YES;
				CLANG_WARN_SUSPICIOUS_MOVE = YES;
				CLANG_WARN_UNGUARDED_AVAILABILITY = YES_AGGRESSIVE;
				CLANG_WARN_UNREACHABLE_CODE = YES;
				CLANG_WARN__DUPLICATE_METHOD_MATCH = YES;
				COPY_PHASE_STRIP = NO;
				DEBUG_INFORMATION_FORMAT = dwarf;
				ENABLE_STRICT_OBJC_MSGSEND = YES;
				ENABLE_TESTABILITY = YES;
				ENABLE_USER_SCRIPT_SANDBOXING = NO;
				GCC_C_LANGUAGE_STANDARD = gnu17;
				GCC_DYNAMIC_NO_PIC = NO;
				GCC_NO_COMMON_BLOCKS = YES;
				GCC_OPTIMIZATION_LEVEL = 0;
				GCC_PREPROCESSOR_DEFINITIONS = (
					"DEBUG=1",
					"$(inherited)",
				);
				GCC_WARN_64_TO_32_BIT_CONVERSION = YES;
				GCC_WARN_ABOUT_RETURN_TYPE = YES_ERROR;
				GCC_WARN_UNDECLARED_SELECTOR = YES;
				GCC_WARN_UNINITIALIZED_AUTOS = YES_AGGRESSIVE;
				GCC_WARN_UNUSED_FUNCTION = YES;
				GCC_WARN_UNUSED_VARIABLE = YES;
				IPHONEOS_DEPLOYMENT_TARGET = 17.0;
				LOCALIZATION_PREFERS_STRING_CATALOGS = YES;
				MTL_ENABLE_DEBUG_INFO = INCLUDE_SOURCE;
				MTL_FAST_MATH = YES;
				ONLY_ACTIVE_ARCH = YES;
				SDKROOT = iphoneos;
				SWIFT_ACTIVE_COMPILATION_CONDITIONS = "DEBUG $(inherited)";
				SWIFT_OPTIMIZATION_LEVEL = "-Onone";
			};
			name = Debug;
		};
		9222CA122BFCE9C300040C15 /* Release */ = {
			isa = XCBuildConfiguration;
			buildSettings = {
				ALWAYS_SEARCH_USER_PATHS = NO;
				ASSETCATALOG_COMPILER_GENERATE_SWIFT_ASSET_SYMBOL_EXTENSIONS = YES;
				CLANG_ANALYZER_NONNULL = YES;
				CLANG_ANALYZER_NUMBER_OBJECT_CONVERSION = YES_AGGRESSIVE;
				CLANG_CXX_LANGUAGE_STANDARD = "gnu++20";
				CLANG_ENABLE_MODULES = YES;
				CLANG_ENABLE_OBJC_ARC = YES;
				CLANG_ENABLE_OBJC_WEAK = YES;
				CLANG_WARN_BLOCK_CAPTURE_AUTORELEASING = YES;
				CLANG_WARN_BOOL_CONVERSION = YES;
				CLANG_WARN_COMMA = YES;
				CLANG_WARN_CONSTANT_CONVERSION = YES;
				CLANG_WARN_DEPRECATED_OBJC_IMPLEMENTATIONS = YES;
				CLANG_WARN_DIRECT_OBJC_ISA_USAGE = YES_ERROR;
				CLANG_WARN_DOCUMENTATION_COMMENTS = YES;
				CLANG_WARN_EMPTY_BODY = YES;
				CLANG_WARN_ENUM_CONVERSION = YES;
				CLANG_WARN_INFINITE_RECURSION = YES;
				CLANG_WARN_INT_CONVERSION = YES;
				CLANG_WARN_NON_LITERAL_NULL_CONVERSION = YES;
				CLANG_WARN_OBJC_IMPLICIT_RETAIN_SELF = YES;
				CLANG_WARN_OBJC_LITERAL_CONVERSION = YES;
				CLANG_WARN_OBJC_ROOT_CLASS = YES_ERROR;
				CLANG_WARN_QUOTED_INCLUDE_IN_FRAMEWORK_HEADER = YES;
				CLANG_WARN_RANGE_LOOP_ANALYSIS = YES;
				CLANG_WARN_STRICT_PROTOTYPES = YES;
				CLANG_WARN_SUSPICIOUS_MOVE = YES;
				CLANG_WARN_UNGUARDED_AVAILABILITY = YES_AGGRESSIVE;
				CLANG_WARN_UNREACHABLE_CODE = YES;
				CLANG_WARN__DUPLICATE_METHOD_MATCH = YES;
				COPY_PHASE_STRIP = NO;
				DEBUG_INFORMATION_FORMAT = "dwarf-with-dsym";
				ENABLE_NS_ASSERTIONS = NO;
				ENABLE_STRICT_OBJC_MSGSEND = YES;
				ENABLE_USER_SCRIPT_SANDBOXING = NO;
				GCC_C_LANGUAGE_STANDARD = gnu17;
				GCC_NO_COMMON_BLOCKS = YES;
				GCC_WARN_64_TO_32_BIT_CONVERSION = YES;
				GCC_WARN_ABOUT_RETURN_TYPE = YES_ERROR;
				GCC_WARN_UNDECLARED_SELECTOR = YES;
				GCC_WARN_UNINITIALIZED_AUTOS = YES_AGGRESSIVE;
				GCC_WARN_UNUSED_FUNCTION = YES;
				GCC_WARN_UNUSED_VARIABLE = YES;
				IPHONEOS_DEPLOYMENT_TARGET = 17.0;
				LOCALIZATION_PREFERS_STRING_CATALOGS = YES;
				MTL_ENABLE_DEBUG_INFO = NO;
				MTL_FAST_MATH = YES;
				SDKROOT = iphoneos;
				SWIFT_COMPILATION_MODE = wholemodule;
				VALIDATE_PRODUCT = YES;
			};
			name = Release;
		};
		9222CA142BFCE9C300040C15 /* Debug */ = {
			isa = XCBuildConfiguration;
			baseConfigurationReference = DD64FC56E5B77594E551E099 /* Pods-ConsolesRetro.debug.xcconfig */;
			buildSettings = {
				ASSETCATALOG_COMPILER_APPICON_NAME = AppIcon;
				ASSETCATALOG_COMPILER_GLOBAL_ACCENT_COLOR_NAME = AccentColor;
				CODE_SIGN_STYLE = Automatic;
				CURRENT_PROJECT_VERSION = 1;
				DEVELOPMENT_TEAM = 57HYQW6DAG;
				GENERATE_INFOPLIST_FILE = YES;
				INFOPLIST_FILE = ConsolesRetro/Resources/Info.plist;
				INFOPLIST_KEY_UIApplicationSupportsIndirectInputEvents = YES;
				INFOPLIST_KEY_UILaunchStoryboardName = LaunchScreen;
				INFOPLIST_KEY_UISupportedInterfaceOrientations = UIInterfaceOrientationPortrait;
				INFOPLIST_KEY_UISupportedInterfaceOrientations_iPad = "UIInterfaceOrientationPortrait UIInterfaceOrientationPortraitUpsideDown";
				LD_RUNPATH_SEARCH_PATHS = (
					"$(inherited)",
					"@executable_path/Frameworks",
				);
				MARKETING_VERSION = 1.0;
				PRODUCT_BUNDLE_IDENTIFIER = com.diggosilva.ConsolesRetro;
				PRODUCT_NAME = "$(TARGET_NAME)";
				SWIFT_EMIT_LOC_STRINGS = YES;
				SWIFT_VERSION = 5.0;
				TARGETED_DEVICE_FAMILY = "1,2";
			};
			name = Debug;
		};
		9222CA152BFCE9C300040C15 /* Release */ = {
			isa = XCBuildConfiguration;
			baseConfigurationReference = 5C06426F3590C4703E25A500 /* Pods-ConsolesRetro.release.xcconfig */;
			buildSettings = {
				ASSETCATALOG_COMPILER_APPICON_NAME = AppIcon;
				ASSETCATALOG_COMPILER_GLOBAL_ACCENT_COLOR_NAME = AccentColor;
				CODE_SIGN_STYLE = Automatic;
				CURRENT_PROJECT_VERSION = 1;
				DEVELOPMENT_TEAM = 57HYQW6DAG;
				GENERATE_INFOPLIST_FILE = YES;
				INFOPLIST_FILE = ConsolesRetro/Resources/Info.plist;
				INFOPLIST_KEY_UIApplicationSupportsIndirectInputEvents = YES;
				INFOPLIST_KEY_UILaunchStoryboardName = LaunchScreen;
				INFOPLIST_KEY_UISupportedInterfaceOrientations = UIInterfaceOrientationPortrait;
				INFOPLIST_KEY_UISupportedInterfaceOrientations_iPad = "UIInterfaceOrientationPortrait UIInterfaceOrientationPortraitUpsideDown";
				LD_RUNPATH_SEARCH_PATHS = (
					"$(inherited)",
					"@executable_path/Frameworks",
				);
				MARKETING_VERSION = 1.0;
				PRODUCT_BUNDLE_IDENTIFIER = com.diggosilva.ConsolesRetro;
				PRODUCT_NAME = "$(TARGET_NAME)";
				SWIFT_EMIT_LOC_STRINGS = YES;
				SWIFT_VERSION = 5.0;
				TARGETED_DEVICE_FAMILY = "1,2";
			};
			name = Release;
		};
/* End XCBuildConfiguration section */

/* Begin XCConfigurationList section */
		9222C9FA2BFCE9C200040C15 /* Build configuration list for PBXProject "ConsolesRetro" */ = {
			isa = XCConfigurationList;
			buildConfigurations = (
				9222CA112BFCE9C300040C15 /* Debug */,
				9222CA122BFCE9C300040C15 /* Release */,
			);
			defaultConfigurationIsVisible = 0;
			defaultConfigurationName = Release;
		};
		9222CA132BFCE9C300040C15 /* Build configuration list for PBXNativeTarget "ConsolesRetro" */ = {
			isa = XCConfigurationList;
			buildConfigurations = (
				9222CA142BFCE9C300040C15 /* Debug */,
				9222CA152BFCE9C300040C15 /* Release */,
			);
			defaultConfigurationIsVisible = 0;
			defaultConfigurationName = Release;
		};
/* End XCConfigurationList section */
	};
	rootObject = 9222C9F72BFCE9C200040C15 /* Project object */;
}
